
Microsoft Visual Studio Solution File, Format Version 12.00
# Visual Studio 15
VisualStudioVersion = 15.0.26206.0
MinimumVisualStudioVersion = 10.0.40219.1
Project("{FAE04EC0-301F-11D3-BF4B-00C04F79EFBC}") = "01. Demo.UWP.FirstApp", "Demo.UWP.FirstApp\01. Demo.UWP.FirstApp.csproj", "{8CC753A2-87EF-4F11-B234-466D521D3659}"
EndProject
Project("{FAE04EC0-301F-11D3-BF4B-00C04F79EFBC}") = "02. Demo.UWP.Panels.RelativePanel", "Demo.UWP.Panels.RelativePanel\02. Demo.UWP.Panels.RelativePanel.csproj", "{400ADA5A-A0D3-4AB3-9408-34BB08E1A0EC}"
EndProject
Project("{FAE04EC0-301F-11D3-BF4B-00C04F79EFBC}") = "03. Demo.UWP.Panels.VariableSizedWrapGrid", "Demo.UWP.Panels.VariableSizedWrapGrid\03. Demo.UWP.Panels.VariableSizedWrapGrid.csproj", "{2B913ACE-3057-4A7F-AE3E-F0ABDFB950C7}"
EndProject
Project("{FAE04EC0-301F-11D3-BF4B-00C04F79EFBC}") = "04. Demo.UWP.Views.GridView", "Demo.UWP.Views.GridView\04. Demo.UWP.Views.GridView.csproj", "{47633D11-4E92-401C-BC4B-3912388D17B9}"
EndProject
Project("{FAE04EC0-301F-11D3-BF4B-00C04F79EFBC}") = "05. Demo.UWP.Views.ListView", "Demo.UWP.Views.ListView\05. Demo.UWP.Views.ListView.csproj", "{9BD28F6E-E091-4602-A6DB-BBE01E10F9FA}"
EndProject
Project("{FAE04EC0-301F-11D3-BF4B-00C04F79EFBC}") = "06. Demo.UWP.Views.FlipView", "Demo.UWP.Views.FlipView\06. Demo.UWP.Views.FlipView.csproj", "{DDE75108-67A2-4449-BA83-A400B0BB8810}"
EndProject
Project("{FAE04EC0-301F-11D3-BF4B-00C04F79EFBC}") = "07. Demo.UWP.Styles.Button", "Demo.UWP.Styles.Button\07. Demo.UWP.Styles.Button.csproj", "{C2B94985-36AD-490E-B05E-9B04F7AFDEA0}"
EndProject
Project("{FAE04EC0-301F-11D3-BF4B-00C04F79EFBC}") = "08. Demo.UWP.Styles.Inheritance", "Demo.UWP.Styles.Inheritance\08. Demo.UWP.Styles.Inheritance.csproj", "{1DF8C0DE-8BCF-4A15-B7C4-7E14D0378CE3}"
EndProject
Project("{FAE04EC0-301F-11D3-BF4B-00C04F79EFBC}") = "09. Demo.UWP.CustomControls", "Demo.UWP.CustomControls\09. Demo.UWP.CustomControls.csproj", "{D8C2411E-F968-4F29-A218-4BFA7A1DF7C1}"
EndProject
Project("{FAE04EC0-301F-11D3-BF4B-00C04F79EFBC}") = "10. Demo.UWP.CustomControls.Library", "Demo.UWP.CustomControls.Library\10. Demo.UWP.CustomControls.Library.csproj", "{92DC83FD-30D2-44C9-B394-F5BB98A2F4AD}"
EndProject
Project("{FAE04EC0-301F-11D3-BF4B-00C04F79EFBC}") = "11. Demo.UWP.Package.VisualAssets", "Demo.UWP.Package.VisualAssets\11. Demo.UWP.Package.VisualAssets.csproj", "{0E7FCE81-4A73-461D-BD3E-8148204F7BEF}"
EndProject
Global
	GlobalSection(SolutionConfigurationPlatforms) = preSolution
		Debug|Any CPU = Debug|Any CPU
		Debug|ARM = Debug|ARM
		Debug|x64 = Debug|x64
		Debug|x86 = Debug|x86
		Release|Any CPU = Release|Any CPU
		Release|ARM = Release|ARM
		Release|x64 = Release|x64
		Release|x86 = Release|x86
	EndGlobalSection
	GlobalSection(ProjectConfigurationPlatforms) = postSolution
		{8CC753A2-87EF-4F11-B234-466D521D3659}.Debug|Any CPU.ActiveCfg = Debug|x86
		{8CC753A2-87EF-4F11-B234-466D521D3659}.Debug|ARM.ActiveCfg = Debug|ARM
		{8CC753A2-87EF-4F11-B234-466D521D3659}.Debug|ARM.Build.0 = Debug|ARM
		{8CC753A2-87EF-4F11-B234-466D521D3659}.Debug|ARM.Deploy.0 = Debug|ARM
		{8CC753A2-87EF-4F11-B234-466D521D3659}.Debug|x64.ActiveCfg = Debug|x64
		{8CC753A2-87EF-4F11-B234-466D521D3659}.Debug|x64.Build.0 = Debug|x64
		{8CC753A2-87EF-4F11-B234-466D521D3659}.Debug|x64.Deploy.0 = Debug|x64
		{8CC753A2-87EF-4F11-B234-466D521D3659}.Debug|x86.ActiveCfg = Debug|x86
		{8CC753A2-87EF-4F11-B234-466D521D3659}.Debug|x86.Build.0 = Debug|x86
		{8CC753A2-87EF-4F11-B234-466D521D3659}.Debug|x86.Deploy.0 = Debug|x86
		{8CC753A2-87EF-4F11-B234-466D521D3659}.Release|Any CPU.ActiveCfg = Release|x86
		{8CC753A2-87EF-4F11-B234-466D521D3659}.Release|ARM.ActiveCfg = Release|ARM
		{8CC753A2-87EF-4F11-B234-466D521D3659}.Release|ARM.Build.0 = Release|ARM
		{8CC753A2-87EF-4F11-B234-466D521D3659}.Release|ARM.Deploy.0 = Release|ARM
		{8CC753A2-87EF-4F11-B234-466D521D3659}.Release|x64.ActiveCfg = Release|x64
		{8CC753A2-87EF-4F11-B234-466D521D3659}.Release|x64.Build.0 = Release|x64
		{8CC753A2-87EF-4F11-B234-466D521D3659}.Release|x64.Deploy.0 = Release|x64
		{8CC753A2-87EF-4F11-B234-466D521D3659}.Release|x86.ActiveCfg = Release|x86
		{8CC753A2-87EF-4F11-B234-466D521D3659}.Release|x86.Build.0 = Release|x86
		{8CC753A2-87EF-4F11-B234-466D521D3659}.Release|x86.Deploy.0 = Release|x86
		{400ADA5A-A0D3-4AB3-9408-34BB08E1A0EC}.Debug|Any CPU.ActiveCfg = Debug|x86
		{400ADA5A-A0D3-4AB3-9408-34BB08E1A0EC}.Debug|ARM.ActiveCfg = Debug|ARM
		{400ADA5A-A0D3-4AB3-9408-34BB08E1A0EC}.Debug|ARM.Build.0 = Debug|ARM
		{400ADA5A-A0D3-4AB3-9408-34BB08E1A0EC}.Debug|ARM.Deploy.0 = Debug|ARM
		{400ADA5A-A0D3-4AB3-9408-34BB08E1A0EC}.Debug|x64.ActiveCfg = Debug|x64
		{400ADA5A-A0D3-4AB3-9408-34BB08E1A0EC}.Debug|x64.Build.0 = Debug|x64
		{400ADA5A-A0D3-4AB3-9408-34BB08E1A0EC}.Debug|x64.Deploy.0 = Debug|x64
		{400ADA5A-A0D3-4AB3-9408-34BB08E1A0EC}.Debug|x86.ActiveCfg = Debug|x86
		{400ADA5A-A0D3-4AB3-9408-34BB08E1A0EC}.Debug|x86.Build.0 = Debug|x86
		{400ADA5A-A0D3-4AB3-9408-34BB08E1A0EC}.Debug|x86.Deploy.0 = Debug|x86
		{400ADA5A-A0D3-4AB3-9408-34BB08E1A0EC}.Release|Any CPU.ActiveCfg = Release|x86
		{400ADA5A-A0D3-4AB3-9408-34BB08E1A0EC}.Release|ARM.ActiveCfg = Release|ARM
		{400ADA5A-A0D3-4AB3-9408-34BB08E1A0EC}.Release|ARM.Build.0 = Release|ARM
		{400ADA5A-A0D3-4AB3-9408-34BB08E1A0EC}.Release|ARM.Deploy.0 = Release|ARM
		{400ADA5A-A0D3-4AB3-9408-34BB08E1A0EC}.Release|x64.ActiveCfg = Release|x64
		{400ADA5A-A0D3-4AB3-9408-34BB08E1A0EC}.Release|x64.Build.0 = Release|x64
		{400ADA5A-A0D3-4AB3-9408-34BB08E1A0EC}.Release|x64.Deploy.0 = Release|x64
		{400ADA5A-A0D3-4AB3-9408-34BB08E1A0EC}.Release|x86.ActiveCfg = Release|x86
		{400ADA5A-A0D3-4AB3-9408-34BB08E1A0EC}.Release|x86.Build.0 = Release|x86
		{400ADA5A-A0D3-4AB3-9408-34BB08E1A0EC}.Release|x86.Deploy.0 = Release|x86
		{2B913ACE-3057-4A7F-AE3E-F0ABDFB950C7}.Debug|Any CPU.ActiveCfg = Debug|x86
		{2B913ACE-3057-4A7F-AE3E-F0ABDFB950C7}.Debug|ARM.ActiveCfg = Debug|ARM
		{2B913ACE-3057-4A7F-AE3E-F0ABDFB950C7}.Debug|ARM.Build.0 = Debug|ARM
		{2B913ACE-3057-4A7F-AE3E-F0ABDFB950C7}.Debug|ARM.Deploy.0 = Debug|ARM
		{2B913ACE-3057-4A7F-AE3E-F0ABDFB950C7}.Debug|x64.ActiveCfg = Debug|x64
		{2B913ACE-3057-4A7F-AE3E-F0ABDFB950C7}.Debug|x64.Build.0 = Debug|x64
		{2B913ACE-3057-4A7F-AE3E-F0ABDFB950C7}.Debug|x64.Deploy.0 = Debug|x64
		{2B913ACE-3057-4A7F-AE3E-F0ABDFB950C7}.Debug|x86.ActiveCfg = Debug|x86
		{2B913ACE-3057-4A7F-AE3E-F0ABDFB950C7}.Debug|x86.Build.0 = Debug|x86
		{2B913ACE-3057-4A7F-AE3E-F0ABDFB950C7}.Debug|x86.Deploy.0 = Debug|x86
		{2B913ACE-3057-4A7F-AE3E-F0ABDFB950C7}.Release|Any CPU.ActiveCfg = Release|x86
		{2B913ACE-3057-4A7F-AE3E-F0ABDFB950C7}.Release|ARM.ActiveCfg = Release|ARM
		{2B913ACE-3057-4A7F-AE3E-F0ABDFB950C7}.Release|ARM.Build.0 = Release|ARM
		{2B913ACE-3057-4A7F-AE3E-F0ABDFB950C7}.Release|ARM.Deploy.0 = Release|ARM
		{2B913ACE-3057-4A7F-AE3E-F0ABDFB950C7}.Release|x64.ActiveCfg = Release|x64
		{2B913ACE-3057-4A7F-AE3E-F0ABDFB950C7}.Release|x64.Build.0 = Release|x64
		{2B913ACE-3057-4A7F-AE3E-F0ABDFB950C7}.Release|x64.Deploy.0 = Release|x64
		{2B913ACE-3057-4A7F-AE3E-F0ABDFB950C7}.Release|x86.ActiveCfg = Release|x86
		{2B913ACE-3057-4A7F-AE3E-F0ABDFB950C7}.Release|x86.Build.0 = Release|x86
		{2B913ACE-3057-4A7F-AE3E-F0ABDFB950C7}.Release|x86.Deploy.0 = Release|x86
		{47633D11-4E92-401C-BC4B-3912388D17B9}.Debug|Any CPU.ActiveCfg = Debug|x86
		{47633D11-4E92-401C-BC4B-3912388D17B9}.Debug|ARM.ActiveCfg = Debug|ARM
		{47633D11-4E92-401C-BC4B-3912388D17B9}.Debug|ARM.Build.0 = Debug|ARM
		{47633D11-4E92-401C-BC4B-3912388D17B9}.Debug|ARM.Deploy.0 = Debug|ARM
		{47633D11-4E92-401C-BC4B-3912388D17B9}.Debug|x64.ActiveCfg = Debug|x64
		{47633D11-4E92-401C-BC4B-3912388D17B9}.Debug|x64.Build.0 = Debug|x64
		{47633D11-4E92-401C-BC4B-3912388D17B9}.Debug|x64.Deploy.0 = Debug|x64
		{47633D11-4E92-401C-BC4B-3912388D17B9}.Debug|x86.ActiveCfg = Debug|x86
		{47633D11-4E92-401C-BC4B-3912388D17B9}.Debug|x86.Build.0 = Debug|x86
		{47633D11-4E92-401C-BC4B-3912388D17B9}.Debug|x86.Deploy.0 = Debug|x86
		{47633D11-4E92-401C-BC4B-3912388D17B9}.Release|Any CPU.ActiveCfg = Release|x86
		{47633D11-4E92-401C-BC4B-3912388D17B9}.Release|ARM.ActiveCfg = Release|ARM
		{47633D11-4E92-401C-BC4B-3912388D17B9}.Release|ARM.Build.0 = Release|ARM
		{47633D11-4E92-401C-BC4B-3912388D17B9}.Release|ARM.Deploy.0 = Release|ARM
		{47633D11-4E92-401C-BC4B-3912388D17B9}.Release|x64.ActiveCfg = Release|x64
		{47633D11-4E92-401C-BC4B-3912388D17B9}.Release|x64.Build.0 = Release|x64
		{47633D11-4E92-401C-BC4B-3912388D17B9}.Release|x64.Deploy.0 = Release|x64
		{47633D11-4E92-401C-BC4B-3912388D17B9}.Release|x86.ActiveCfg = Release|x86
		{47633D11-4E92-401C-BC4B-3912388D17B9}.Release|x86.Build.0 = Release|x86
		{47633D11-4E92-401C-BC4B-3912388D17B9}.Release|x86.Deploy.0 = Release|x86
		{9BD28F6E-E091-4602-A6DB-BBE01E10F9FA}.Debug|Any CPU.ActiveCfg = Debug|x86
		{9BD28F6E-E091-4602-A6DB-BBE01E10F9FA}.Debug|ARM.ActiveCfg = Debug|ARM
		{9BD28F6E-E091-4602-A6DB-BBE01E10F9FA}.Debug|ARM.Build.0 = Debug|ARM
		{9BD28F6E-E091-4602-A6DB-BBE01E10F9FA}.Debug|ARM.Deploy.0 = Debug|ARM
		{9BD28F6E-E091-4602-A6DB-BBE01E10F9FA}.Debug|x64.ActiveCfg = Debug|x64
		{9BD28F6E-E091-4602-A6DB-BBE01E10F9FA}.Debug|x64.Build.0 = Debug|x64
		{9BD28F6E-E091-4602-A6DB-BBE01E10F9FA}.Debug|x64.Deploy.0 = Debug|x64
		{9BD28F6E-E091-4602-A6DB-BBE01E10F9FA}.Debug|x86.ActiveCfg = Debug|x86
		{9BD28F6E-E091-4602-A6DB-BBE01E10F9FA}.Debug|x86.Build.0 = Debug|x86
		{9BD28F6E-E091-4602-A6DB-BBE01E10F9FA}.Debug|x86.Deploy.0 = Debug|x86
		{9BD28F6E-E091-4602-A6DB-BBE01E10F9FA}.Release|Any CPU.ActiveCfg = Release|x86
		{9BD28F6E-E091-4602-A6DB-BBE01E10F9FA}.Release|ARM.ActiveCfg = Release|ARM
		{9BD28F6E-E091-4602-A6DB-BBE01E10F9FA}.Release|ARM.Build.0 = Release|ARM
		{9BD28F6E-E091-4602-A6DB-BBE01E10F9FA}.Release|ARM.Deploy.0 = Release|ARM
		{9BD28F6E-E091-4602-A6DB-BBE01E10F9FA}.Release|x64.ActiveCfg = Release|x64
		{9BD28F6E-E091-4602-A6DB-BBE01E10F9FA}.Release|x64.Build.0 = Release|x64
		{9BD28F6E-E091-4602-A6DB-BBE01E10F9FA}.Release|x64.Deploy.0 = Release|x64
		{9BD28F6E-E091-4602-A6DB-BBE01E10F9FA}.Release|x86.ActiveCfg = Release|x86
		{9BD28F6E-E091-4602-A6DB-BBE01E10F9FA}.Release|x86.Build.0 = Release|x86
		{9BD28F6E-E091-4602-A6DB-BBE01E10F9FA}.Release|x86.Deploy.0 = Release|x86
		{DDE75108-67A2-4449-BA83-A400B0BB8810}.Debug|Any CPU.ActiveCfg = Debug|x86
		{DDE75108-67A2-4449-BA83-A400B0BB8810}.Debug|ARM.ActiveCfg = Debug|ARM
		{DDE75108-67A2-4449-BA83-A400B0BB8810}.Debug|ARM.Build.0 = Debug|ARM
		{DDE75108-67A2-4449-BA83-A400B0BB8810}.Debug|ARM.Deploy.0 = Debug|ARM
		{DDE75108-67A2-4449-BA83-A400B0BB8810}.Debug|x64.ActiveCfg = Debug|x64
		{DDE75108-67A2-4449-BA83-A400B0BB8810}.Debug|x64.Build.0 = Debug|x64
		{DDE75108-67A2-4449-BA83-A400B0BB8810}.Debug|x64.Deploy.0 = Debug|x64
		{DDE75108-67A2-4449-BA83-A400B0BB8810}.Debug|x86.ActiveCfg = Debug|x86
		{DDE75108-67A2-4449-BA83-A400B0BB8810}.Debug|x86.Build.0 = Debug|x86
		{DDE75108-67A2-4449-BA83-A400B0BB8810}.Debug|x86.Deploy.0 = Debug|x86
		{DDE75108-67A2-4449-BA83-A400B0BB8810}.Release|Any CPU.ActiveCfg = Release|x86
		{DDE75108-67A2-4449-BA83-A400B0BB8810}.Release|ARM.ActiveCfg = Release|ARM
		{DDE75108-67A2-4449-BA83-A400B0BB8810}.Release|ARM.Build.0 = Release|ARM
		{DDE75108-67A2-4449-BA83-A400B0BB8810}.Release|ARM.Deploy.0 = Release|ARM
		{DDE75108-67A2-4449-BA83-A400B0BB8810}.Release|x64.ActiveCfg = Release|x64
		{DDE75108-67A2-4449-BA83-A400B0BB8810}.Release|x64.Build.0 = Release|x64
		{DDE75108-67A2-4449-BA83-A400B0BB8810}.Release|x64.Deploy.0 = Release|x64
		{DDE75108-67A2-4449-BA83-A400B0BB8810}.Release|x86.ActiveCfg = Release|x86
		{DDE75108-67A2-4449-BA83-A400B0BB8810}.Release|x86.Build.0 = Release|x86
		{DDE75108-67A2-4449-BA83-A400B0BB8810}.Release|x86.Deploy.0 = Release|x86
		{C2B94985-36AD-490E-B05E-9B04F7AFDEA0}.Debug|Any CPU.ActiveCfg = Debug|x86
		{C2B94985-36AD-490E-B05E-9B04F7AFDEA0}.Debug|ARM.ActiveCfg = Debug|ARM
		{C2B94985-36AD-490E-B05E-9B04F7AFDEA0}.Debug|ARM.Build.0 = Debug|ARM
		{C2B94985-36AD-490E-B05E-9B04F7AFDEA0}.Debug|ARM.Deploy.0 = Debug|ARM
		{C2B94985-36AD-490E-B05E-9B04F7AFDEA0}.Debug|x64.ActiveCfg = Debug|x64
		{C2B94985-36AD-490E-B05E-9B04F7AFDEA0}.Debug|x64.Build.0 = Debug|x64
		{C2B94985-36AD-490E-B05E-9B04F7AFDEA0}.Debug|x64.Deploy.0 = Debug|x64
		{C2B94985-36AD-490E-B05E-9B04F7AFDEA0}.Debug|x86.ActiveCfg = Debug|x86
		{C2B94985-36AD-490E-B05E-9B04F7AFDEA0}.Debug|x86.Build.0 = Debug|x86
		{C2B94985-36AD-490E-B05E-9B04F7AFDEA0}.Debug|x86.Deploy.0 = Debug|x86
		{C2B94985-36AD-490E-B05E-9B04F7AFDEA0}.Release|Any CPU.ActiveCfg = Release|x86
		{C2B94985-36AD-490E-B05E-9B04F7AFDEA0}.Release|ARM.ActiveCfg = Release|ARM
		{C2B94985-36AD-490E-B05E-9B04F7AFDEA0}.Release|ARM.Build.0 = Release|ARM
		{C2B94985-36AD-490E-B05E-9B04F7AFDEA0}.Release|ARM.Deploy.0 = Release|ARM
		{C2B94985-36AD-490E-B05E-9B04F7AFDEA0}.Release|x64.ActiveCfg = Release|x64
		{C2B94985-36AD-490E-B05E-9B04F7AFDEA0}.Release|x64.Build.0 = Release|x64
		{C2B94985-36AD-490E-B05E-9B04F7AFDEA0}.Release|x64.Deploy.0 = Release|x64
		{C2B94985-36AD-490E-B05E-9B04F7AFDEA0}.Release|x86.ActiveCfg = Release|x86
		{C2B94985-36AD-490E-B05E-9B04F7AFDEA0}.Release|x86.Build.0 = Release|x86
		{C2B94985-36AD-490E-B05E-9B04F7AFDEA0}.Release|x86.Deploy.0 = Release|x86
		{1DF8C0DE-8BCF-4A15-B7C4-7E14D0378CE3}.Debug|Any CPU.ActiveCfg = Debug|x86
		{1DF8C0DE-8BCF-4A15-B7C4-7E14D0378CE3}.Debug|ARM.ActiveCfg = Debug|ARM
		{1DF8C0DE-8BCF-4A15-B7C4-7E14D0378CE3}.Debug|ARM.Build.0 = Debug|ARM
		{1DF8C0DE-8BCF-4A15-B7C4-7E14D0378CE3}.Debug|ARM.Deploy.0 = Debug|ARM
		{1DF8C0DE-8BCF-4A15-B7C4-7E14D0378CE3}.Debug|x64.ActiveCfg = Debug|x64
		{1DF8C0DE-8BCF-4A15-B7C4-7E14D0378CE3}.Debug|x64.Build.0 = Debug|x64
		{1DF8C0DE-8BCF-4A15-B7C4-7E14D0378CE3}.Debug|x64.Deploy.0 = Debug|x64
		{1DF8C0DE-8BCF-4A15-B7C4-7E14D0378CE3}.Debug|x86.ActiveCfg = Debug|x86
		{1DF8C0DE-8BCF-4A15-B7C4-7E14D0378CE3}.Debug|x86.Build.0 = Debug|x86
		{1DF8C0DE-8BCF-4A15-B7C4-7E14D0378CE3}.Debug|x86.Deploy.0 = Debug|x86
		{1DF8C0DE-8BCF-4A15-B7C4-7E14D0378CE3}.Release|Any CPU.ActiveCfg = Release|x86
		{1DF8C0DE-8BCF-4A15-B7C4-7E14D0378CE3}.Release|ARM.ActiveCfg = Release|ARM
		{1DF8C0DE-8BCF-4A15-B7C4-7E14D0378CE3}.Release|ARM.Build.0 = Release|ARM
		{1DF8C0DE-8BCF-4A15-B7C4-7E14D0378CE3}.Release|ARM.Deploy.0 = Release|ARM
		{1DF8C0DE-8BCF-4A15-B7C4-7E14D0378CE3}.Release|x64.ActiveCfg = Release|x64
		{1DF8C0DE-8BCF-4A15-B7C4-7E14D0378CE3}.Release|x64.Build.0 = Release|x64
		{1DF8C0DE-8BCF-4A15-B7C4-7E14D0378CE3}.Release|x64.Deploy.0 = Release|x64
		{1DF8C0DE-8BCF-4A15-B7C4-7E14D0378CE3}.Release|x86.ActiveCfg = Release|x86
		{1DF8C0DE-8BCF-4A15-B7C4-7E14D0378CE3}.Release|x86.Build.0 = Release|x86
		{1DF8C0DE-8BCF-4A15-B7C4-7E14D0378CE3}.Release|x86.Deploy.0 = Release|x86
		{D8C2411E-F968-4F29-A218-4BFA7A1DF7C1}.Debug|Any CPU.ActiveCfg = Debug|x86
		{D8C2411E-F968-4F29-A218-4BFA7A1DF7C1}.Debug|ARM.ActiveCfg = Debug|ARM
		{D8C2411E-F968-4F29-A218-4BFA7A1DF7C1}.Debug|ARM.Build.0 = Debug|ARM
		{D8C2411E-F968-4F29-A218-4BFA7A1DF7C1}.Debug|ARM.Deploy.0 = Debug|ARM
		{D8C2411E-F968-4F29-A218-4BFA7A1DF7C1}.Debug|x64.ActiveCfg = Debug|x64
		{D8C2411E-F968-4F29-A218-4BFA7A1DF7C1}.Debug|x64.Build.0 = Debug|x64
		{D8C2411E-F968-4F29-A218-4BFA7A1DF7C1}.Debug|x64.Deploy.0 = Debug|x64
		{D8C2411E-F968-4F29-A218-4BFA7A1DF7C1}.Debug|x86.ActiveCfg = Debug|x86
		{D8C2411E-F968-4F29-A218-4BFA7A1DF7C1}.Debug|x86.Build.0 = Debug|x86
		{D8C2411E-F968-4F29-A218-4BFA7A1DF7C1}.Debug|x86.Deploy.0 = Debug|x86
		{D8C2411E-F968-4F29-A218-4BFA7A1DF7C1}.Release|Any CPU.ActiveCfg = Release|x86
		{D8C2411E-F968-4F29-A218-4BFA7A1DF7C1}.Release|ARM.ActiveCfg = Release|ARM
		{D8C2411E-F968-4F29-A218-4BFA7A1DF7C1}.Release|ARM.Build.0 = Release|ARM
		{D8C2411E-F968-4F29-A218-4BFA7A1DF7C1}.Release|ARM.Deploy.0 = Release|ARM
		{D8C2411E-F968-4F29-A218-4BFA7A1DF7C1}.Release|x64.ActiveCfg = Release|x64
		{D8C2411E-F968-4F29-A218-4BFA7A1DF7C1}.Release|x64.Build.0 = Release|x64
		{D8C2411E-F968-4F29-A218-4BFA7A1DF7C1}.Release|x64.Deploy.0 = Release|x64
		{D8C2411E-F968-4F29-A218-4BFA7A1DF7C1}.Release|x86.ActiveCfg = Release|x86
		{D8C2411E-F968-4F29-A218-4BFA7A1DF7C1}.Release|x86.Build.0 = Release|x86
		{D8C2411E-F968-4F29-A218-4BFA7A1DF7C1}.Release|x86.Deploy.0 = Release|x86
		{92DC83FD-30D2-44C9-B394-F5BB98A2F4AD}.Debug|Any CPU.ActiveCfg = Debug|Any CPU
		{92DC83FD-30D2-44C9-B394-F5BB98A2F4AD}.Debug|Any CPU.Build.0 = Debug|Any CPU
		{92DC83FD-30D2-44C9-B394-F5BB98A2F4AD}.Debug|ARM.ActiveCfg = Debug|ARM
		{92DC83FD-30D2-44C9-B394-F5BB98A2F4AD}.Debug|ARM.Build.0 = Debug|ARM
		{92DC83FD-30D2-44C9-B394-F5BB98A2F4AD}.Debug|x64.ActiveCfg = Debug|x64
		{92DC83FD-30D2-44C9-B394-F5BB98A2F4AD}.Debug|x64.Build.0 = Debug|x64
		{92DC83FD-30D2-44C9-B394-F5BB98A2F4AD}.Debug|x86.ActiveCfg = Debug|x86
		{92DC83FD-30D2-44C9-B394-F5BB98A2F4AD}.Debug|x86.Build.0 = Debug|x86
		{92DC83FD-30D2-44C9-B394-F5BB98A2F4AD}.Release|Any CPU.ActiveCfg = Release|Any CPU
		{92DC83FD-30D2-44C9-B394-F5BB98A2F4AD}.Release|Any CPU.Build.0 = Release|Any CPU
		{92DC83FD-30D2-44C9-B394-F5BB98A2F4AD}.Release|ARM.ActiveCfg = Release|ARM
		{92DC83FD-30D2-44C9-B394-F5BB98A2F4AD}.Release|ARM.Build.0 = Release|ARM
		{92DC83FD-30D2-44C9-B394-F5BB98A2F4AD}.Release|x64.ActiveCfg = Release|x64
		{92DC83FD-30D2-44C9-B394-F5BB98A2F4AD}.Release|x64.Build.0 = Release|x64
		{92DC83FD-30D2-44C9-B394-F5BB98A2F4AD}.Release|x86.ActiveCfg = Release|x86
		{92DC83FD-30D2-44C9-B394-F5BB98A2F4AD}.Release|x86.Build.0 = Release|x86
		{0E7FCE81-4A73-461D-BD3E-8148204F7BEF}.Debug|Any CPU.ActiveCfg = Debug|x86
		{0E7FCE81-4A73-461D-BD3E-8148204F7BEF}.Debug|ARM.ActiveCfg = Debug|ARM
		{0E7FCE81-4A73-461D-BD3E-8148204F7BEF}.Debug|ARM.Build.0 = Debug|ARM
		{0E7FCE81-4A73-461D-BD3E-8148204F7BEF}.Debug|ARM.Deploy.0 = Debug|ARM
		{0E7FCE81-4A73-461D-BD3E-8148204F7BEF}.Debug|x64.ActiveCfg = Debug|x64
		{0E7FCE81-4A73-461D-BD3E-8148204F7BEF}.Debug|x64.Build.0 = Debug|x64
		{0E7FCE81-4A73-461D-BD3E-8148204F7BEF}.Debug|x64.Deploy.0 = Debug|x64
		{0E7FCE81-4A73-461D-BD3E-8148204F7BEF}.Debug|x86.ActiveCfg = Debug|x86
		{0E7FCE81-4A73-461D-BD3E-8148204F7BEF}.Debug|x86.Build.0 = Debug|x86
		{0E7FCE81-4A73-461D-BD3E-8148204F7BEF}.Debug|x86.Deploy.0 = Debug|x86
		{0E7FCE81-4A73-461D-BD3E-8148204F7BEF}.Release|Any CPU.ActiveCfg = Release|x86
		{0E7FCE81-4A73-461D-BD3E-8148204F7BEF}.Release|ARM.ActiveCfg = Release|ARM
		{0E7FCE81-4A73-461D-BD3E-8148204F7BEF}.Release|ARM.Build.0 = Release|ARM
		{0E7FCE81-4A73-461D-BD3E-8148204F7BEF}.Release|ARM.Deploy.0 = Release|ARM
		{0E7FCE81-4A73-461D-BD3E-8148204F7BEF}.Release|x64.ActiveCfg = Release|x64
		{0E7FCE81-4A73-461D-BD3E-8148204F7BEF}.Release|x64.Build.0 = Release|x64
		{0E7FCE81-4A73-461D-BD3E-8148204F7BEF}.Release|x64.Deploy.0 = Release|x64
		{0E7FCE81-4A73-461D-BD3E-8148204F7BEF}.Release|x86.ActiveCfg = Release|x86
		{0E7FCE81-4A73-461D-BD3E-8148204F7BEF}.Release|x86.Build.0 = Release|x86
		{0E7FCE81-4A73-461D-BD3E-8148204F7BEF}.Release|x86.Deploy.0 = Release|x86
	EndGlobalSection
	GlobalSection(SolutionProperties) = preSolution
		HideSolutionNode = FALSE
	EndGlobalSection
EndGlobal
